
Microsoft Visual Studio Solution File, Format Version 12.00
# Visual Studio Version 17
VisualStudioVersion = 17.9.34622.214
MinimumVisualStudioVersion = 10.0.40219.1
Project("{9A19103F-16F7-4668-BE54-9A1E7A4F7556}") = "PhotoSavingService", "PhotoSavingService\PhotoSavingService.csproj", "{718F74CF-1562-44DD-AC82-733D6B9801C1}"
EndProject
Project("{FAE04EC0-301F-11D3-BF4B-00C04F79EFBC}") = "WatcherPhotoProject", "..\WatcherPhotoProject\WatcherPhotoProject\WatcherPhotoProject.csproj", "{57248114-8584-4A57-B07C-2C352544AFF0}"
EndProject
Global
	GlobalSection(SolutionConfigurationPlatforms) = preSolution
		Debug|Any CPU = Debug|Any CPU
		Release|Any CPU = Release|Any CPU
	EndGlobalSection
	GlobalSection(ProjectConfigurationPlatforms) = postSolution
		{718F74CF-1562-44DD-AC82-733D6B9801C1}.Debug|Any CPU.ActiveCfg = Debug|Any CPU
		{718F74CF-1562-44DD-AC82-733D6B9801C1}.Debug|Any CPU.Build.0 = Debug|Any CPU
		{718F74CF-1562-44DD-AC82-733D6B9801C1}.Release|Any CPU.ActiveCfg = Release|Any CPU
		{718F74CF-1562-44DD-AC82-733D6B9801C1}.Release|Any CPU.Build.0 = Release|Any CPU
		{57248114-8584-4A57-B07C-2C352544AFF0}.Debug|Any CPU.ActiveCfg = Debug|Any CPU
		{57248114-8584-4A57-B07C-2C352544AFF0}.Debug|Any CPU.Build.0 = Debug|Any CPU
		{57248114-8584-4A57-B07C-2C352544AFF0}.Release|Any CPU.ActiveCfg = Release|Any CPU
		{57248114-8584-4A57-B07C-2C352544AFF0}.Release|Any CPU.Build.0 = Release|Any CPU
	EndGlobalSection
	GlobalSection(SolutionProperties) = preSolution
		HideSolutionNode = FALSE
	EndGlobalSection
	GlobalSection(ExtensibilityGlobals) = postSolution
		SolutionGuid = {0BF970EB-F742-456E-90E6-EB9685D2AC25}
	EndGlobalSection
EndGlobal
